// !$*UTF8*$!
{
	archiveVersion = 1;
	classes = {
	};
	objectVersion = 56;
	objects = {

/* Begin PBXBuildFile section */
		43F5D56D2B04AD03003D2745 /* ListItemView.swift in Sources */ = {isa = PBXBuildFile; fileRef = 43F5D56C2B04AD03003D2745 /* ListItemView.swift */; };
		43F5D5702B06A494003D2745 /* ConfigurationView.swift in Sources */ = {isa = PBXBuildFile; fileRef = 43F5D56F2B06A494003D2745 /* ConfigurationView.swift */; };
		43F5D5722B06AB35003D2745 /* SettingsItemView.swift in Sources */ = {isa = PBXBuildFile; fileRef = 43F5D5712B06AB35003D2745 /* SettingsItemView.swift */; };
		B37240C52B0DFF37006AC267 /* Sheets.swift in Sources */ = {isa = PBXBuildFile; fileRef = B37240C42B0DFF37006AC267 /* Sheets.swift */; };
		B37240C72B0E0B2D006AC267 /* DisclosureView.swift in Sources */ = {isa = PBXBuildFile; fileRef = B37240C62B0E0B2D006AC267 /* DisclosureView.swift */; };
		B37240C92B0E1462006AC267 /* ButtonsView.swift in Sources */ = {isa = PBXBuildFile; fileRef = B37240C82B0E1462006AC267 /* ButtonsView.swift */; };
		B39B80502B076917001006EB /* SearchBarView.swift in Sources */ = {isa = PBXBuildFile; fileRef = B39B804F2B076917001006EB /* SearchBarView.swift */; };
		B39B80532B076C57001006EB /* TitleBarView.swift in Sources */ = {isa = PBXBuildFile; fileRef = B39B80522B076C57001006EB /* TitleBarView.swift */; };
		B3D322372B037805002990B0 /* NC1_LibraryUIApp.swift in Sources */ = {isa = PBXBuildFile; fileRef = B3D322362B037805002990B0 /* NC1_LibraryUIApp.swift */; };
		B3D322392B037805002990B0 /* ComponentsView.swift in Sources */ = {isa = PBXBuildFile; fileRef = B3D322382B037805002990B0 /* ComponentsView.swift */; };
		B3D3223B2B037806002990B0 /* Assets.xcassets in Resources */ = {isa = PBXBuildFile; fileRef = B3D3223A2B037806002990B0 /* Assets.xcassets */; };
		B3D3223E2B037806002990B0 /* Preview Assets.xcassets in Resources */ = {isa = PBXBuildFile; fileRef = B3D3223D2B037806002990B0 /* Preview Assets.xcassets */; };
		B3D322452B038960002990B0 /* TabViewContainer.swift in Sources */ = {isa = PBXBuildFile; fileRef = B3D322442B038960002990B0 /* TabViewContainer.swift */; };
		B3D6D0EE2B04CEBF004B2E1D /* ComponentsData.swift in Sources */ = {isa = PBXBuildFile; fileRef = B3D6D0ED2B04CEBF004B2E1D /* ComponentsData.swift */; };
		B3D6D0F02B04CF5E004B2E1D /* ComponentsModel.swift in Sources */ = {isa = PBXBuildFile; fileRef = B3D6D0EF2B04CF5E004B2E1D /* ComponentsModel.swift */; };
/* End PBXBuildFile section */

/* Begin PBXFileReference section */
		43F5D56C2B04AD03003D2745 /* ListItemView.swift */ = {isa = PBXFileReference; lastKnownFileType = sourcecode.swift; path = ListItemView.swift; sourceTree = "<group>"; };
		43F5D56F2B06A494003D2745 /* ConfigurationView.swift */ = {isa = PBXFileReference; lastKnownFileType = sourcecode.swift; path = ConfigurationView.swift; sourceTree = "<group>"; };
		43F5D5712B06AB35003D2745 /* SettingsItemView.swift */ = {isa = PBXFileReference; lastKnownFileType = sourcecode.swift; path = SettingsItemView.swift; sourceTree = "<group>"; };
		B37240C42B0DFF37006AC267 /* Sheets.swift */ = {isa = PBXFileReference; lastKnownFileType = sourcecode.swift; path = Sheets.swift; sourceTree = "<group>"; };
		B37240C62B0E0B2D006AC267 /* DisclosureView.swift */ = {isa = PBXFileReference; lastKnownFileType = sourcecode.swift; path = DisclosureView.swift; sourceTree = "<group>"; };
		B37240C82B0E1462006AC267 /* ButtonsView.swift */ = {isa = PBXFileReference; lastKnownFileType = sourcecode.swift; path = ButtonsView.swift; sourceTree = "<group>"; };
		B39B804F2B076917001006EB /* SearchBarView.swift */ = {isa = PBXFileReference; lastKnownFileType = sourcecode.swift; path = SearchBarView.swift; sourceTree = "<group>"; };
		B39B80522B076C57001006EB /* TitleBarView.swift */ = {isa = PBXFileReference; lastKnownFileType = sourcecode.swift; path = TitleBarView.swift; sourceTree = "<group>"; };
		B3D322332B037805002990B0 /* NC1 LibraryUI.app */ = {isa = PBXFileReference; explicitFileType = wrapper.application; includeInIndex = 0; path = "NC1 LibraryUI.app"; sourceTree = BUILT_PRODUCTS_DIR; };
		B3D322362B037805002990B0 /* NC1_LibraryUIApp.swift */ = {isa = PBXFileReference; lastKnownFileType = sourcecode.swift; path = NC1_LibraryUIApp.swift; sourceTree = "<group>"; };
		B3D322382B037805002990B0 /* ComponentsView.swift */ = {isa = PBXFileReference; lastKnownFileType = sourcecode.swift; path = ComponentsView.swift; sourceTree = "<group>"; };
		B3D3223A2B037806002990B0 /* Assets.xcassets */ = {isa = PBXFileReference; lastKnownFileType = folder.assetcatalog; path = Assets.xcassets; sourceTree = "<group>"; };
		B3D3223D2B037806002990B0 /* Preview Assets.xcassets */ = {isa = PBXFileReference; lastKnownFileType = folder.assetcatalog; path = "Preview Assets.xcassets"; sourceTree = "<group>"; };
		B3D322442B038960002990B0 /* TabViewContainer.swift */ = {isa = PBXFileReference; lastKnownFileType = sourcecode.swift; path = TabViewContainer.swift; sourceTree = "<group>"; };
		B3D6D0ED2B04CEBF004B2E1D /* ComponentsData.swift */ = {isa = PBXFileReference; lastKnownFileType = sourcecode.swift; path = ComponentsData.swift; sourceTree = "<group>"; };
		B3D6D0EF2B04CF5E004B2E1D /* ComponentsModel.swift */ = {isa = PBXFileReference; lastKnownFileType = sourcecode.swift; path = ComponentsModel.swift; sourceTree = "<group>"; };
/* End PBXFileReference section */

/* Begin PBXFrameworksBuildPhase section */
		B3D322302B037805002990B0 /* Frameworks */ = {
			isa = PBXFrameworksBuildPhase;
			buildActionMask = 2147483647;
			files = (
			);
			runOnlyForDeploymentPostprocessing = 0;
		};
/* End PBXFrameworksBuildPhase section */

/* Begin PBXGroup section */
		43F5D56E2B068E48003D2745 /* Model */ = {
			isa = PBXGroup;
			children = (
				B3D6D0ED2B04CEBF004B2E1D /* ComponentsData.swift */,
				B3D6D0EF2B04CF5E004B2E1D /* ComponentsModel.swift */,
			);
			path = Model;
			sourceTree = "<group>";
		};
		B37240C32B0DFECC006AC267 /* Practice */ = {
			isa = PBXGroup;
			children = (
				B37240C42B0DFF37006AC267 /* Sheets.swift */,
				B37240C62B0E0B2D006AC267 /* DisclosureView.swift */,
			);
			path = Practice;
			sourceTree = "<group>";
		};
		B37240CA2B0E1467006AC267 /* SecondaryViews */ = {
			isa = PBXGroup;
			children = (
				B37240C82B0E1462006AC267 /* ButtonsView.swift */,
			);
			path = SecondaryViews;
			sourceTree = "<group>";
		};
		B39B80512B076938001006EB /* Controller */ = {
			isa = PBXGroup;
			children = (
				B39B804F2B076917001006EB /* SearchBarView.swift */,
			);
			path = Controller;
			sourceTree = "<group>";
		};
		B3D3222A2B037805002990B0 = {
			isa = PBXGroup;
			children = (
				B3D322352B037805002990B0 /* NC1 LibraryUI */,
				B3D322342B037805002990B0 /* Products */,
			);
			sourceTree = "<group>";
		};
		B3D322342B037805002990B0 /* Products */ = {
			isa = PBXGroup;
			children = (
				B3D322332B037805002990B0 /* NC1 LibraryUI.app */,
			);
			name = Products;
			sourceTree = "<group>";
		};
		B3D322352B037805002990B0 /* NC1 LibraryUI */ = {
			isa = PBXGroup;
			children = (
				B3D322362B037805002990B0 /* NC1_LibraryUIApp.swift */,
				43F5D56E2B068E48003D2745 /* Model */,
				B3D6D0EC2B04CE7D004B2E1D /* View */,
				B39B80512B076938001006EB /* Controller */,
				B37240C32B0DFECC006AC267 /* Practice */,
				B3D3223A2B037806002990B0 /* Assets.xcassets */,
				B3D3223C2B037806002990B0 /* Preview Content */,
			);
			path = "NC1 LibraryUI";
			sourceTree = "<group>";
		};
		B3D3223C2B037806002990B0 /* Preview Content */ = {
			isa = PBXGroup;
			children = (
				B3D3223D2B037806002990B0 /* Preview Assets.xcassets */,
			);
			path = "Preview Content";
			sourceTree = "<group>";
		};
		B3D6D0EC2B04CE7D004B2E1D /* View */ = {
			isa = PBXGroup;
			children = (
				B3D322442B038960002990B0 /* TabViewContainer.swift */,
				B3D322382B037805002990B0 /* ComponentsView.swift */,
				43F5D56F2B06A494003D2745 /* ConfigurationView.swift */,
				B39B80522B076C57001006EB /* TitleBarView.swift */,
				43F5D56C2B04AD03003D2745 /* ListItemView.swift */,
				43F5D5712B06AB35003D2745 /* SettingsItemView.swift */,
				B37240CA2B0E1467006AC267 /* SecondaryViews */,
			);
			path = View;
			sourceTree = "<group>";
		};
/* End PBXGroup section */

/* Begin PBXNativeTarget section */
		B3D322322B037805002990B0 /* NC1 LibraryUI */ = {
			isa = PBXNativeTarget;
			buildConfigurationList = B3D322412B037806002990B0 /* Build configuration list for PBXNativeTarget "NC1 LibraryUI" */;
			buildPhases = (
				B3D3222F2B037805002990B0 /* Sources */,
				B3D322302B037805002990B0 /* Frameworks */,
				B3D322312B037805002990B0 /* Resources */,
			);
			buildRules = (
			);
			dependencies = (
			);
			name = "NC1 LibraryUI";
			productName = "NC1 LibraryUI";
			productReference = B3D322332B037805002990B0 /* NC1 LibraryUI.app */;
			productType = "com.apple.product-type.application";
		};
/* End PBXNativeTarget section */

/* Begin PBXProject section */
		B3D3222B2B037805002990B0 /* Project object */ = {
			isa = PBXProject;
			attributes = {
				BuildIndependentTargetsInParallel = 1;
				LastSwiftUpdateCheck = 1500;
				LastUpgradeCheck = 1500;
				TargetAttributes = {
					B3D322322B037805002990B0 = {
						CreatedOnToolsVersion = 15.0.1;
					};
				};
			};
			buildConfigurationList = B3D3222E2B037805002990B0 /* Build configuration list for PBXProject "NC1 LibraryUI" */;
			compatibilityVersion = "Xcode 14.0";
			developmentRegion = en;
			hasScannedForEncodings = 0;
			knownRegions = (
				en,
				Base,
			);
			mainGroup = B3D3222A2B037805002990B0;
			productRefGroup = B3D322342B037805002990B0 /* Products */;
			projectDirPath = "";
			projectRoot = "";
			targets = (
				B3D322322B037805002990B0 /* NC1 LibraryUI */,
			);
		};
/* End PBXProject section */

/* Begin PBXResourcesBuildPhase section */
		B3D322312B037805002990B0 /* Resources */ = {
			isa = PBXResourcesBuildPhase;
			buildActionMask = 2147483647;
			files = (
				B3D3223E2B037806002990B0 /* Preview Assets.xcassets in Resources */,
				B3D3223B2B037806002990B0 /* Assets.xcassets in Resources */,
			);
			runOnlyForDeploymentPostprocessing = 0;
		};
/* End PBXResourcesBuildPhase section */

/* Begin PBXSourcesBuildPhase section */
		B3D3222F2B037805002990B0 /* Sources */ = {
			isa = PBXSourcesBuildPhase;
			buildActionMask = 2147483647;
			files = (
				B39B80502B076917001006EB /* SearchBarView.swift in Sources */,
				B3D322452B038960002990B0 /* TabViewContainer.swift in Sources */,
				B3D6D0EE2B04CEBF004B2E1D /* ComponentsData.swift in Sources */,
				B3D322392B037805002990B0 /* ComponentsView.swift in Sources */,
				B37240C92B0E1462006AC267 /* ButtonsView.swift in Sources */,
				B3D322372B037805002990B0 /* NC1_LibraryUIApp.swift in Sources */,
				B39B80532B076C57001006EB /* TitleBarView.swift in Sources */,
				B37240C52B0DFF37006AC267 /* Sheets.swift in Sources */,
				43F5D5702B06A494003D2745 /* ConfigurationView.swift in Sources */,
				43F5D5722B06AB35003D2745 /* SettingsItemView.swift in Sources */,
				B3D6D0F02B04CF5E004B2E1D /* ComponentsModel.swift in Sources */,
				B37240C72B0E0B2D006AC267 /* DisclosureView.swift in Sources */,
				43F5D56D2B04AD03003D2745 /* ListItemView.swift in Sources */,
			);
			runOnlyForDeploymentPostprocessing = 0;
		};
/* End PBXSourcesBuildPhase section */

/* Begin XCBuildConfiguration section */
		B3D3223F2B037806002990B0 /* Debug */ = {
			isa = XCBuildConfiguration;
			buildSettings = {
				ALWAYS_SEARCH_USER_PATHS = NO;
				ASSETCATALOG_COMPILER_GENERATE_SWIFT_ASSET_SYMBOL_EXTENSIONS = YES;
				CLANG_ANALYZER_NONNULL = YES;
				CLANG_ANALYZER_NUMBER_OBJECT_CONVERSION = YES_AGGRESSIVE;
				CLANG_CXX_LANGUAGE_STANDARD = "gnu++20";
				CLANG_ENABLE_MODULES = YES;
				CLANG_ENABLE_OBJC_ARC = YES;
				CLANG_ENABLE_OBJC_WEAK = YES;
				CLANG_WARN_BLOCK_CAPTURE_AUTORELEASING = YES;
				CLANG_WARN_BOOL_CONVERSION = YES;
				CLANG_WARN_COMMA = YES;
				CLANG_WARN_CONSTANT_CONVERSION = YES;
				CLANG_WARN_DEPRECATED_OBJC_IMPLEMENTATIONS = YES;
				CLANG_WARN_DIRECT_OBJC_ISA_USAGE = YES_ERROR;
				CLANG_WARN_DOCUMENTATION_COMMENTS = YES;
				CLANG_WARN_EMPTY_BODY = YES;
				CLANG_WARN_ENUM_CONVERSION = YES;
				CLANG_WARN_INFINITE_RECURSION = YES;
				CLANG_WARN_INT_CONVERSION = YES;
				CLANG_WARN_NON_LITERAL_NULL_CONVERSION = YES;
				CLANG_WARN_OBJC_IMPLICIT_RETAIN_SELF = YES;
				CLANG_WARN_OBJC_LITERAL_CONVERSION = YES;
				CLANG_WARN_OBJC_ROOT_CLASS = YES_ERROR;
				CLANG_WARN_QUOTED_INCLUDE_IN_FRAMEWORK_HEADER = YES;
				CLANG_WARN_RANGE_LOOP_ANALYSIS = YES;
				CLANG_WARN_STRICT_PROTOTYPES = YES;
				CLANG_WARN_SUSPICIOUS_MOVE = YES;
				CLANG_WARN_UNGUARDED_AVAILABILITY = YES_AGGRESSIVE;
				CLANG_WARN_UNREACHABLE_CODE = YES;
				CLANG_WARN__DUPLICATE_METHOD_MATCH = YES;
				COPY_PHASE_STRIP = NO;
				DEBUG_INFORMATION_FORMAT = dwarf;
				ENABLE_STRICT_OBJC_MSGSEND = YES;
				ENABLE_TESTABILITY = YES;
				ENABLE_USER_SCRIPT_SANDBOXING = YES;
				GCC_C_LANGUAGE_STANDARD = gnu17;
				GCC_DYNAMIC_NO_PIC = NO;
				GCC_NO_COMMON_BLOCKS = YES;
				GCC_OPTIMIZATION_LEVEL = 0;
				GCC_PREPROCESSOR_DEFINITIONS = (
					"DEBUG=1",
					"$(inherited)",
				);
				GCC_WARN_64_TO_32_BIT_CONVERSION = YES;
				GCC_WARN_ABOUT_RETURN_TYPE = YES_ERROR;
				GCC_WARN_UNDECLARED_SELECTOR = YES;
				GCC_WARN_UNINITIALIZED_AUTOS = YES_AGGRESSIVE;
				GCC_WARN_UNUSED_FUNCTION = YES;
				GCC_WARN_UNUSED_VARIABLE = YES;
				IPHONEOS_DEPLOYMENT_TARGET = 17.0;
				LOCALIZATION_PREFERS_STRING_CATALOGS = YES;
				MTL_ENABLE_DEBUG_INFO = INCLUDE_SOURCE;
				MTL_FAST_MATH = YES;
				ONLY_ACTIVE_ARCH = YES;
				SDKROOT = iphoneos;
				SWIFT_ACTIVE_COMPILATION_CONDITIONS = "DEBUG $(inherited)";
				SWIFT_OPTIMIZATION_LEVEL = "-Onone";
			};
			name = Debug;
		};
		B3D322402B037806002990B0 /* Release */ = {
			isa = XCBuildConfiguration;
			buildSettings = {
				ALWAYS_SEARCH_USER_PATHS = NO;
				ASSETCATALOG_COMPILER_GENERATE_SWIFT_ASSET_SYMBOL_EXTENSIONS = YES;
				CLANG_ANALYZER_NONNULL = YES;
				CLANG_ANALYZER_NUMBER_OBJECT_CONVERSION = YES_AGGRESSIVE;
				CLANG_CXX_LANGUAGE_STANDARD = "gnu++20";
				CLANG_ENABLE_MODULES = YES;
				CLANG_ENABLE_OBJC_ARC = YES;
				CLANG_ENABLE_OBJC_WEAK = YES;
				CLANG_WARN_BLOCK_CAPTURE_AUTORELEASING = YES;
				CLANG_WARN_BOOL_CONVERSION = YES;
				CLANG_WARN_COMMA = YES;
				CLANG_WARN_CONSTANT_CONVERSION = YES;
				CLANG_WARN_DEPRECATED_OBJC_IMPLEMENTATIONS = YES;
				CLANG_WARN_DIRECT_OBJC_ISA_USAGE = YES_ERROR;
				CLANG_WARN_DOCUMENTATION_COMMENTS = YES;
				CLANG_WARN_EMPTY_BODY = YES;
				CLANG_WARN_ENUM_CONVERSION = YES;
				CLANG_WARN_INFINITE_RECURSION = YES;
				CLANG_WARN_INT_CONVERSION = YES;
				CLANG_WARN_NON_LITERAL_NULL_CONVERSION = YES;
				CLANG_WARN_OBJC_IMPLICIT_RETAIN_SELF = YES;
				CLANG_WARN_OBJC_LITERAL_CONVERSION = YES;
				CLANG_WARN_OBJC_ROOT_CLASS = YES_ERROR;
				CLANG_WARN_QUOTED_INCLUDE_IN_FRAMEWORK_HEADER = YES;
				CLANG_WARN_RANGE_LOOP_ANALYSIS = YES;
				CLANG_WARN_STRICT_PROTOTYPES = YES;
				CLANG_WARN_SUSPICIOUS_MOVE = YES;
				CLANG_WARN_UNGUARDED_AVAILABILITY = YES_AGGRESSIVE;
				CLANG_WARN_UNREACHABLE_CODE = YES;
				CLANG_WARN__DUPLICATE_METHOD_MATCH = YES;
				COPY_PHASE_STRIP = NO;
				DEBUG_INFORMATION_FORMAT = "dwarf-with-dsym";
				ENABLE_NS_ASSERTIONS = NO;
				ENABLE_STRICT_OBJC_MSGSEND = YES;
				ENABLE_USER_SCRIPT_SANDBOXING = YES;
				GCC_C_LANGUAGE_STANDARD = gnu17;
				GCC_NO_COMMON_BLOCKS = YES;
				GCC_WARN_64_TO_32_BIT_CONVERSION = YES;
				GCC_WARN_ABOUT_RETURN_TYPE = YES_ERROR;
				GCC_WARN_UNDECLARED_SELECTOR = YES;
				GCC_WARN_UNINITIALIZED_AUTOS = YES_AGGRESSIVE;
				GCC_WARN_UNUSED_FUNCTION = YES;
				GCC_WARN_UNUSED_VARIABLE = YES;
				IPHONEOS_DEPLOYMENT_TARGET = 17.0;
				LOCALIZATION_PREFERS_STRING_CATALOGS = YES;
				MTL_ENABLE_DEBUG_INFO = NO;
				MTL_FAST_MATH = YES;
				SDKROOT = iphoneos;
				SWIFT_COMPILATION_MODE = wholemodule;
				VALIDATE_PRODUCT = YES;
			};
			name = Release;
		};
		B3D322422B037806002990B0 /* Debug */ = {
			isa = XCBuildConfiguration;
			buildSettings = {
				ASSETCATALOG_COMPILER_APPICON_NAME = AppIcon;
				ASSETCATALOG_COMPILER_GLOBAL_ACCENT_COLOR_NAME = AccentColor;
				CODE_SIGN_STYLE = Automatic;
				CURRENT_PROJECT_VERSION = 1;
				DEVELOPMENT_ASSET_PATHS = "\"NC1 LibraryUI/Preview Content\"";
				DEVELOPMENT_TEAM = 84TTD6VG5A;
				ENABLE_PREVIEWS = YES;
				GENERATE_INFOPLIST_FILE = YES;
				INFOPLIST_KEY_UIApplicationSceneManifest_Generation = YES;
				INFOPLIST_KEY_UIApplicationSupportsIndirectInputEvents = YES;
				INFOPLIST_KEY_UILaunchScreen_Generation = YES;
				INFOPLIST_KEY_UISupportedInterfaceOrientations_iPad = "UIInterfaceOrientationPortrait UIInterfaceOrientationPortraitUpsideDown UIInterfaceOrientationLandscapeLeft UIInterfaceOrientationLandscapeRight";
				INFOPLIST_KEY_UISupportedInterfaceOrientations_iPhone = "UIInterfaceOrientationPortrait UIInterfaceOrientationLandscapeLeft UIInterfaceOrientationLandscapeRight";
				LD_RUNPATH_SEARCH_PATHS = (
					"$(inherited)",
					"@executable_path/Frameworks",
				);
				MARKETING_VERSION = 1.0;
				PRODUCT_BUNDLE_IDENTIFIER = "mtorres23.NC1-LibraryUI";
				PRODUCT_NAME = "$(TARGET_NAME)";
				SWIFT_EMIT_LOC_STRINGS = YES;
				SWIFT_VERSION = 5.0;
				TARGETED_DEVICE_FAMILY = "1,2";
			};
			name = Debug;
		};
		B3D322432B037806002990B0 /* Release */ = {
			isa = XCBuildConfiguration;
			buildSettings = {
				ASSETCATALOG_COMPILER_APPICON_NAME = AppIcon;
				ASSETCATALOG_COMPILER_GLOBAL_ACCENT_COLOR_NAME = AccentColor;
				CODE_SIGN_STYLE = Automatic;
				CURRENT_PROJECT_VERSION = 1;
				DEVELOPMENT_ASSET_PATHS = "\"NC1 LibraryUI/Preview Content\"";
				DEVELOPMENT_TEAM = 84TTD6VG5A;
				ENABLE_PREVIEWS = YES;
				GENERATE_INFOPLIST_FILE = YES;
				INFOPLIST_KEY_UIApplicationSceneManifest_Generation = YES;
				INFOPLIST_KEY_UIApplicationSupportsIndirectInputEvents = YES;
				INFOPLIST_KEY_UILaunchScreen_Generation = YES;
				INFOPLIST_KEY_UISupportedInterfaceOrientations_iPad = "UIInterfaceOrientationPortrait UIInterfaceOrientationPortraitUpsideDown UIInterfaceOrientationLandscapeLeft UIInterfaceOrientationLandscapeRight";
				INFOPLIST_KEY_UISupportedInterfaceOrientations_iPhone = "UIInterfaceOrientationPortrait UIInterfaceOrientationLandscapeLeft UIInterfaceOrientationLandscapeRight";
				LD_RUNPATH_SEARCH_PATHS = (
					"$(inherited)",
					"@executable_path/Frameworks",
				);
				MARKETING_VERSION = 1.0;
				PRODUCT_BUNDLE_IDENTIFIER = "mtorres23.NC1-LibraryUI";
				PRODUCT_NAME = "$(TARGET_NAME)";
				SWIFT_EMIT_LOC_STRINGS = YES;
				SWIFT_VERSION = 5.0;
				TARGETED_DEVICE_FAMILY = "1,2";
			};
			name = Release;
		};
/* End XCBuildConfiguration section */

/* Begin XCConfigurationList section */
		B3D3222E2B037805002990B0 /* Build configuration list for PBXProject "NC1 LibraryUI" */ = {
			isa = XCConfigurationList;
			buildConfigurations = (
				B3D3223F2B037806002990B0 /* Debug */,
				B3D322402B037806002990B0 /* Release */,
			);
			defaultConfigurationIsVisible = 0;
			defaultConfigurationName = Release;
		};
		B3D322412B037806002990B0 /* Build configuration list for PBXNativeTarget "NC1 LibraryUI" */ = {
			isa = XCConfigurationList;
			buildConfigurations = (
				B3D322422B037806002990B0 /* Debug */,
				B3D322432B037806002990B0 /* Release */,
			);
			defaultConfigurationIsVisible = 0;
			defaultConfigurationName = Release;
		};
/* End XCConfigurationList section */
	};
	rootObject = B3D3222B2B037805002990B0 /* Project object */;
}
